// !$*UTF8*$!
{
	archiveVersion = 1;
	classes = {
	};
	objectVersion = 55;
	objects = {

/* Begin PBXBuildFile section */
		11B1703E286ED2F000552477 /* AppDelegate.swift in Sources */ = {isa = PBXBuildFile; fileRef = 11B1703D286ED2F000552477 /* AppDelegate.swift */; };
		11B17040286ED2F000552477 /* SceneDelegate.swift in Sources */ = {isa = PBXBuildFile; fileRef = 11B1703F286ED2F000552477 /* SceneDelegate.swift */; };
		11B17047286ED2F400552477 /* Assets.xcassets in Resources */ = {isa = PBXBuildFile; fileRef = 11B17046286ED2F400552477 /* Assets.xcassets */; };
		11B1704A286ED2F400552477 /* LaunchScreen.storyboard in Resources */ = {isa = PBXBuildFile; fileRef = 11B17048286ED2F400552477 /* LaunchScreen.storyboard */; };
		11B17054286ED4D600552477 /* PlaygroundViewController.swift in Sources */ = {isa = PBXBuildFile; fileRef = 11B17052286ED4D600552477 /* PlaygroundViewController.swift */; };
		11B17055286ED4D600552477 /* PlaygroundViewController.xib in Resources */ = {isa = PBXBuildFile; fileRef = 11B17053286ED4D600552477 /* PlaygroundViewController.xib */; };
		11B17059286ED5CA00552477 /* Word.swift in Sources */ = {isa = PBXBuildFile; fileRef = 11B17058286ED5CA00552477 /* Word.swift */; };
		11B1705B286ED66D00552477 /* WordPair.swift in Sources */ = {isa = PBXBuildFile; fileRef = 11B1705A286ED66D00552477 /* WordPair.swift */; };
		11B1705E286ED7B700552477 /* GameHandler.swift in Sources */ = {isa = PBXBuildFile; fileRef = 11B1705D286ED7B700552477 /* GameHandler.swift */; };
		11B17060286EDDA800552477 /* words.json in Resources */ = {isa = PBXBuildFile; fileRef = 11B1705F286EDDA800552477 /* words.json */; };
		11B17064286EDE2E00552477 /* PreGameViewController.swift in Sources */ = {isa = PBXBuildFile; fileRef = 11B17062286EDE2E00552477 /* PreGameViewController.swift */; };
		11B17065286EDE2E00552477 /* PreGameViewController.xib in Resources */ = {isa = PBXBuildFile; fileRef = 11B17063286EDE2E00552477 /* PreGameViewController.xib */; };
		11B17067286EF1FC00552477 /* MainGame.swift in Sources */ = {isa = PBXBuildFile; fileRef = 11B17066286EF1FC00552477 /* MainGame.swift */; };
		11B1707B286F18AE00552477 /* UIView.swift in Sources */ = {isa = PBXBuildFile; fileRef = 11B17071286F18AE00552477 /* UIView.swift */; };
		11B1707C286F18AE00552477 /* UIColor.swift in Sources */ = {isa = PBXBuildFile; fileRef = 11B17072286F18AE00552477 /* UIColor.swift */; };
		11B1707D286F18AE00552477 /* CButton.swift in Sources */ = {isa = PBXBuildFile; fileRef = 11B17073286F18AE00552477 /* CButton.swift */; };
		11B1707E286F18AE00552477 /* UIViewController.swift in Sources */ = {isa = PBXBuildFile; fileRef = 11B17074286F18AE00552477 /* UIViewController.swift */; };
		11B17080286F19FC00552477 /* MusicPlayer.swift in Sources */ = {isa = PBXBuildFile; fileRef = 11B1707F286F19FC00552477 /* MusicPlayer.swift */; };
		11B17087286F1A1800552477 /* clock.mp3 in Resources */ = {isa = PBXBuildFile; fileRef = 11B17082286F1A1800552477 /* clock.mp3 */; };
		11B17088286F1A1800552477 /* finish.mp3 in Resources */ = {isa = PBXBuildFile; fileRef = 11B17083286F1A1800552477 /* finish.mp3 */; };
		11B17089286F1A1800552477 /* kids.mp3 in Resources */ = {isa = PBXBuildFile; fileRef = 11B17084286F1A1800552477 /* kids.mp3 */; };
		11B1708A286F1A1800552477 /* music.mp3 in Resources */ = {isa = PBXBuildFile; fileRef = 11B17085286F1A1800552477 /* music.mp3 */; };
		11B1708B286F1A1800552477 /* click.wav in Resources */ = {isa = PBXBuildFile; fileRef = 11B17086286F1A1800552477 /* click.wav */; };
/* End PBXBuildFile section */

/* Begin PBXFileReference section */
		11B1703A286ED2EF00552477 /* WordGame.app */ = {isa = PBXFileReference; explicitFileType = wrapper.application; includeInIndex = 0; path = WordGame.app; sourceTree = BUILT_PRODUCTS_DIR; };
		11B1703D286ED2F000552477 /* AppDelegate.swift */ = {isa = PBXFileReference; lastKnownFileType = sourcecode.swift; path = AppDelegate.swift; sourceTree = "<group>"; };
		11B1703F286ED2F000552477 /* SceneDelegate.swift */ = {isa = PBXFileReference; lastKnownFileType = sourcecode.swift; path = SceneDelegate.swift; sourceTree = "<group>"; };
		11B17046286ED2F400552477 /* Assets.xcassets */ = {isa = PBXFileReference; lastKnownFileType = folder.assetcatalog; path = Assets.xcassets; sourceTree = "<group>"; };
		11B17049286ED2F400552477 /* Base */ = {isa = PBXFileReference; lastKnownFileType = file.storyboard; name = Base; path = Base.lproj/LaunchScreen.storyboard; sourceTree = "<group>"; };
		11B1704B286ED2F400552477 /* Info.plist */ = {isa = PBXFileReference; lastKnownFileType = text.plist.xml; path = Info.plist; sourceTree = "<group>"; };
		11B17052286ED4D600552477 /* PlaygroundViewController.swift */ = {isa = PBXFileReference; lastKnownFileType = sourcecode.swift; path = PlaygroundViewController.swift; sourceTree = "<group>"; };
		11B17053286ED4D600552477 /* PlaygroundViewController.xib */ = {isa = PBXFileReference; lastKnownFileType = file.xib; path = PlaygroundViewController.xib; sourceTree = "<group>"; };
		11B17058286ED5CA00552477 /* Word.swift */ = {isa = PBXFileReference; lastKnownFileType = sourcecode.swift; path = Word.swift; sourceTree = "<group>"; };
		11B1705A286ED66D00552477 /* WordPair.swift */ = {isa = PBXFileReference; lastKnownFileType = sourcecode.swift; path = WordPair.swift; sourceTree = "<group>"; };
		11B1705D286ED7B700552477 /* GameHandler.swift */ = {isa = PBXFileReference; lastKnownFileType = sourcecode.swift; path = GameHandler.swift; sourceTree = "<group>"; };
		11B1705F286EDDA800552477 /* words.json */ = {isa = PBXFileReference; fileEncoding = 4; lastKnownFileType = text.json; path = words.json; sourceTree = "<group>"; };
		11B17062286EDE2E00552477 /* PreGameViewController.swift */ = {isa = PBXFileReference; lastKnownFileType = sourcecode.swift; path = PreGameViewController.swift; sourceTree = "<group>"; };
		11B17063286EDE2E00552477 /* PreGameViewController.xib */ = {isa = PBXFileReference; lastKnownFileType = file.xib; path = PreGameViewController.xib; sourceTree = "<group>"; };
		11B17066286EF1FC00552477 /* MainGame.swift */ = {isa = PBXFileReference; lastKnownFileType = sourcecode.swift; path = MainGame.swift; sourceTree = "<group>"; };
		11B17071286F18AE00552477 /* UIView.swift */ = {isa = PBXFileReference; fileEncoding = 4; lastKnownFileType = sourcecode.swift; path = UIView.swift; sourceTree = "<group>"; };
		11B17072286F18AE00552477 /* UIColor.swift */ = {isa = PBXFileReference; fileEncoding = 4; lastKnownFileType = sourcecode.swift; path = UIColor.swift; sourceTree = "<group>"; };
		11B17073286F18AE00552477 /* CButton.swift */ = {isa = PBXFileReference; fileEncoding = 4; lastKnownFileType = sourcecode.swift; path = CButton.swift; sourceTree = "<group>"; };
		11B17074286F18AE00552477 /* UIViewController.swift */ = {isa = PBXFileReference; fileEncoding = 4; lastKnownFileType = sourcecode.swift; path = UIViewController.swift; sourceTree = "<group>"; };
		11B1707F286F19FC00552477 /* MusicPlayer.swift */ = {isa = PBXFileReference; fileEncoding = 4; lastKnownFileType = sourcecode.swift; path = MusicPlayer.swift; sourceTree = "<group>"; };
		11B17082286F1A1800552477 /* clock.mp3 */ = {isa = PBXFileReference; lastKnownFileType = audio.mp3; path = clock.mp3; sourceTree = "<group>"; };
		11B17083286F1A1800552477 /* finish.mp3 */ = {isa = PBXFileReference; lastKnownFileType = audio.mp3; path = finish.mp3; sourceTree = "<group>"; };
		11B17084286F1A1800552477 /* kids.mp3 */ = {isa = PBXFileReference; lastKnownFileType = audio.mp3; path = kids.mp3; sourceTree = "<group>"; };
		11B17085286F1A1800552477 /* music.mp3 */ = {isa = PBXFileReference; lastKnownFileType = audio.mp3; path = music.mp3; sourceTree = "<group>"; };
		11B17086286F1A1800552477 /* click.wav */ = {isa = PBXFileReference; lastKnownFileType = audio.wav; path = click.wav; sourceTree = "<group>"; };
/* End PBXFileReference section */

/* Begin PBXFrameworksBuildPhase section */
		11B17037286ED2EF00552477 /* Frameworks */ = {
			isa = PBXFrameworksBuildPhase;
			buildActionMask = 2147483647;
			files = (
			);
			runOnlyForDeploymentPostprocessing = 0;
		};
/* End PBXFrameworksBuildPhase section */

/* Begin PBXGroup section */
		11B17031286ED2EF00552477 = {
			isa = PBXGroup;
			children = (
				11B1703C286ED2EF00552477 /* WordGame */,
				11B1703B286ED2EF00552477 /* Products */,
			);
			sourceTree = "<group>";
		};
		11B1703B286ED2EF00552477 /* Products */ = {
			isa = PBXGroup;
			children = (
				11B1703A286ED2EF00552477 /* WordGame.app */,
			);
			name = Products;
			sourceTree = "<group>";
		};
		11B1703C286ED2EF00552477 /* WordGame */ = {
			isa = PBXGroup;
			children = (
				11B1703D286ED2F000552477 /* AppDelegate.swift */,
				11B1703F286ED2F000552477 /* SceneDelegate.swift */,
				11B17057286ED59700552477 /* Model */,
				11B1705C286ED7A700552477 /* Handler */,
				11B17051286ED44700552477 /* Views */,
				11B17070286F18AE00552477 /* Extensions */,
				11B17081286F1A1800552477 /* Sound Effect */,
				11B1705F286EDDA800552477 /* words.json */,
				11B17046286ED2F400552477 /* Assets.xcassets */,
				11B17048286ED2F400552477 /* LaunchScreen.storyboard */,
				11B1704B286ED2F400552477 /* Info.plist */,
			);
			path = WordGame;
			sourceTree = "<group>";
		};
		11B17051286ED44700552477 /* Views */ = {
			isa = PBXGroup;
			children = (
				11B17061286EDE1700552477 /* PreGame */,
				11B17056286ED4DB00552477 /* Playground */,
			);
			path = Views;
			sourceTree = "<group>";
		};
		11B17056286ED4DB00552477 /* Playground */ = {
			isa = PBXGroup;
			children = (
				11B17052286ED4D600552477 /* PlaygroundViewController.swift */,
				11B17053286ED4D600552477 /* PlaygroundViewController.xib */,
			);
			path = Playground;
			sourceTree = "<group>";
		};
		11B17057286ED59700552477 /* Model */ = {
			isa = PBXGroup;
			children = (
				11B17058286ED5CA00552477 /* Word.swift */,
				11B1705A286ED66D00552477 /* WordPair.swift */,
				11B17066286EF1FC00552477 /* MainGame.swift */,
			);
			path = Model;
			sourceTree = "<group>";
		};
		11B1705C286ED7A700552477 /* Handler */ = {
			isa = PBXGroup;
			children = (
				11B1707F286F19FC00552477 /* MusicPlayer.swift */,
				11B1705D286ED7B700552477 /* GameHandler.swift */,
			);
			path = Handler;
			sourceTree = "<group>";
		};
		11B17061286EDE1700552477 /* PreGame */ = {
			isa = PBXGroup;
			children = (
				11B17062286EDE2E00552477 /* PreGameViewController.swift */,
				11B17063286EDE2E00552477 /* PreGameViewController.xib */,
			);
			path = PreGame;
			sourceTree = "<group>";
		};
		11B17070286F18AE00552477 /* Extensions */ = {
			isa = PBXGroup;
			children = (
				11B17071286F18AE00552477 /* UIView.swift */,
				11B17072286F18AE00552477 /* UIColor.swift */,
				11B17073286F18AE00552477 /* CButton.swift */,
				11B17074286F18AE00552477 /* UIViewController.swift */,
			);
			path = Extensions;
			sourceTree = "<group>";
		};
		11B17081286F1A1800552477 /* Sound Effect */ = {
			isa = PBXGroup;
			children = (
				11B17082286F1A1800552477 /* clock.mp3 */,
				11B17083286F1A1800552477 /* finish.mp3 */,
				11B17084286F1A1800552477 /* kids.mp3 */,
				11B17085286F1A1800552477 /* music.mp3 */,
				11B17086286F1A1800552477 /* click.wav */,
			);
			path = "Sound Effect";
			sourceTree = "<group>";
		};
/* End PBXGroup section */

/* Begin PBXNativeTarget section */
		11B17039286ED2EF00552477 /* WordGame */ = {
			isa = PBXNativeTarget;
			buildConfigurationList = 11B1704E286ED2F400552477 /* Build configuration list for PBXNativeTarget "WordGame" */;
			buildPhases = (
				11B17036286ED2EF00552477 /* Sources */,
				11B17037286ED2EF00552477 /* Frameworks */,
				11B17038286ED2EF00552477 /* Resources */,
			);
			buildRules = (
			);
			dependencies = (
			);
			name = WordGame;
			productName = WordGame;
			productReference = 11B1703A286ED2EF00552477 /* WordGame.app */;
			productType = "com.apple.product-type.application";
		};
/* End PBXNativeTarget section */

/* Begin PBXProject section */
		11B17032286ED2EF00552477 /* Project object */ = {
			isa = PBXProject;
			attributes = {
				BuildIndependentTargetsInParallel = 1;
				LastSwiftUpdateCheck = 1340;
				LastUpgradeCheck = 1340;
				TargetAttributes = {
					11B17039286ED2EF00552477 = {
						CreatedOnToolsVersion = 13.4.1;
					};
				};
			};
			buildConfigurationList = 11B17035286ED2EF00552477 /* Build configuration list for PBXProject "WordGame" */;
			compatibilityVersion = "Xcode 13.0";
			developmentRegion = en;
			hasScannedForEncodings = 0;
			knownRegions = (
				en,
				Base,
			);
			mainGroup = 11B17031286ED2EF00552477;
			productRefGroup = 11B1703B286ED2EF00552477 /* Products */;
			projectDirPath = "";
			projectRoot = "";
			targets = (
				11B17039286ED2EF00552477 /* WordGame */,
			);
		};
/* End PBXProject section */

/* Begin PBXResourcesBuildPhase section */
		11B17038286ED2EF00552477 /* Resources */ = {
			isa = PBXResourcesBuildPhase;
			buildActionMask = 2147483647;
			files = (
				11B17088286F1A1800552477 /* finish.mp3 in Resources */,
				11B17089286F1A1800552477 /* kids.mp3 in Resources */,
				11B1708A286F1A1800552477 /* music.mp3 in Resources */,
				11B17055286ED4D600552477 /* PlaygroundViewController.xib in Resources */,
				11B17060286EDDA800552477 /* words.json in Resources */,
				11B1704A286ED2F400552477 /* LaunchScreen.storyboard in Resources */,
				11B17087286F1A1800552477 /* clock.mp3 in Resources */,
				11B1708B286F1A1800552477 /* click.wav in Resources */,
				11B17047286ED2F400552477 /* Assets.xcassets in Resources */,
				11B17065286EDE2E00552477 /* PreGameViewController.xib in Resources */,
			);
			runOnlyForDeploymentPostprocessing = 0;
		};
/* End PBXResourcesBuildPhase section */

/* Begin PBXSourcesBuildPhase section */
		11B17036286ED2EF00552477 /* Sources */ = {
			isa = PBXSourcesBuildPhase;
			buildActionMask = 2147483647;
			files = (
				11B17080286F19FC00552477 /* MusicPlayer.swift in Sources */,
				11B17067286EF1FC00552477 /* MainGame.swift in Sources */,
				11B1707E286F18AE00552477 /* UIViewController.swift in Sources */,
				11B1703E286ED2F000552477 /* AppDelegate.swift in Sources */,
				11B1707D286F18AE00552477 /* CButton.swift in Sources */,
				11B17064286EDE2E00552477 /* PreGameViewController.swift in Sources */,
				11B1707C286F18AE00552477 /* UIColor.swift in Sources */,
				11B1705B286ED66D00552477 /* WordPair.swift in Sources */,
				11B1705E286ED7B700552477 /* GameHandler.swift in Sources */,
				11B17059286ED5CA00552477 /* Word.swift in Sources */,
				11B1707B286F18AE00552477 /* UIView.swift in Sources */,
				11B17040286ED2F000552477 /* SceneDelegate.swift in Sources */,
				11B17054286ED4D600552477 /* PlaygroundViewController.swift in Sources */,
			);
			runOnlyForDeploymentPostprocessing = 0;
		};
/* End PBXSourcesBuildPhase section */

/* Begin PBXVariantGroup section */
		11B17048286ED2F400552477 /* LaunchScreen.storyboard */ = {
			isa = PBXVariantGroup;
			children = (
				11B17049286ED2F400552477 /* Base */,
			);
			name = LaunchScreen.storyboard;
			sourceTree = "<group>";
		};
/* End PBXVariantGroup section */

/* Begin XCBuildConfiguration section */
		11B1704C286ED2F400552477 /* Debug */ = {
			isa = XCBuildConfiguration;
			buildSettings = {
				ALWAYS_SEARCH_USER_PATHS = NO;
				CLANG_ANALYZER_NONNULL = YES;
				CLANG_ANALYZER_NUMBER_OBJECT_CONVERSION = YES_AGGRESSIVE;
				CLANG_CXX_LANGUAGE_STANDARD = "gnu++17";
				CLANG_ENABLE_MODULES = YES;
				CLANG_ENABLE_OBJC_ARC = YES;
				CLANG_ENABLE_OBJC_WEAK = YES;
				CLANG_WARN_BLOCK_CAPTURE_AUTORELEASING = YES;
				CLANG_WARN_BOOL_CONVERSION = YES;
				CLANG_WARN_COMMA = YES;
				CLANG_WARN_CONSTANT_CONVERSION = YES;
				CLANG_WARN_DEPRECATED_OBJC_IMPLEMENTATIONS = YES;
				CLANG_WARN_DIRECT_OBJC_ISA_USAGE = YES_ERROR;
				CLANG_WARN_DOCUMENTATION_COMMENTS = YES;
				CLANG_WARN_EMPTY_BODY = YES;
				CLANG_WARN_ENUM_CONVERSION = YES;
				CLANG_WARN_INFINITE_RECURSION = YES;
				CLANG_WARN_INT_CONVERSION = YES;
				CLANG_WARN_NON_LITERAL_NULL_CONVERSION = YES;
				CLANG_WARN_OBJC_IMPLICIT_RETAIN_SELF = YES;
				CLANG_WARN_OBJC_LITERAL_CONVERSION = YES;
				CLANG_WARN_OBJC_ROOT_CLASS = YES_ERROR;
				CLANG_WARN_QUOTED_INCLUDE_IN_FRAMEWORK_HEADER = YES;
				CLANG_WARN_RANGE_LOOP_ANALYSIS = YES;
				CLANG_WARN_STRICT_PROTOTYPES = YES;
				CLANG_WARN_SUSPICIOUS_MOVE = YES;
				CLANG_WARN_UNGUARDED_AVAILABILITY = YES_AGGRESSIVE;
				CLANG_WARN_UNREACHABLE_CODE = YES;
				CLANG_WARN__DUPLICATE_METHOD_MATCH = YES;
				COPY_PHASE_STRIP = NO;
				DEBUG_INFORMATION_FORMAT = dwarf;
				ENABLE_STRICT_OBJC_MSGSEND = YES;
				ENABLE_TESTABILITY = YES;
				GCC_C_LANGUAGE_STANDARD = gnu11;
				GCC_DYNAMIC_NO_PIC = NO;
				GCC_NO_COMMON_BLOCKS = YES;
				GCC_OPTIMIZATION_LEVEL = 0;
				GCC_PREPROCESSOR_DEFINITIONS = (
					"DEBUG=1",
					"$(inherited)",
				);
				GCC_WARN_64_TO_32_BIT_CONVERSION = YES;
				GCC_WARN_ABOUT_RETURN_TYPE = YES_ERROR;
				GCC_WARN_UNDECLARED_SELECTOR = YES;
				GCC_WARN_UNINITIALIZED_AUTOS = YES_AGGRESSIVE;
				GCC_WARN_UNUSED_FUNCTION = YES;
				GCC_WARN_UNUSED_VARIABLE = YES;
				IPHONEOS_DEPLOYMENT_TARGET = 15.5;
				MTL_ENABLE_DEBUG_INFO = INCLUDE_SOURCE;
				MTL_FAST_MATH = YES;
				ONLY_ACTIVE_ARCH = YES;
				SDKROOT = iphoneos;
				SWIFT_ACTIVE_COMPILATION_CONDITIONS = DEBUG;
				SWIFT_OPTIMIZATION_LEVEL = "-Onone";
			};
			name = Debug;
		};
		11B1704D286ED2F400552477 /* Release */ = {
			isa = XCBuildConfiguration;
			buildSettings = {
				ALWAYS_SEARCH_USER_PATHS = NO;
				CLANG_ANALYZER_NONNULL = YES;
				CLANG_ANALYZER_NUMBER_OBJECT_CONVERSION = YES_AGGRESSIVE;
				CLANG_CXX_LANGUAGE_STANDARD = "gnu++17";
				CLANG_ENABLE_MODULES = YES;
				CLANG_ENABLE_OBJC_ARC = YES;
				CLANG_ENABLE_OBJC_WEAK = YES;
				CLANG_WARN_BLOCK_CAPTURE_AUTORELEASING = YES;
				CLANG_WARN_BOOL_CONVERSION = YES;
				CLANG_WARN_COMMA = YES;
				CLANG_WARN_CONSTANT_CONVERSION = YES;
				CLANG_WARN_DEPRECATED_OBJC_IMPLEMENTATIONS = YES;
				CLANG_WARN_DIRECT_OBJC_ISA_USAGE = YES_ERROR;
				CLANG_WARN_DOCUMENTATION_COMMENTS = YES;
				CLANG_WARN_EMPTY_BODY = YES;
				CLANG_WARN_ENUM_CONVERSION = YES;
				CLANG_WARN_INFINITE_RECURSION = YES;
				CLANG_WARN_INT_CONVERSION = YES;
				CLANG_WARN_NON_LITERAL_NULL_CONVERSION = YES;
				CLANG_WARN_OBJC_IMPLICIT_RETAIN_SELF = YES;
				CLANG_WARN_OBJC_LITERAL_CONVERSION = YES;
				CLANG_WARN_OBJC_ROOT_CLASS = YES_ERROR;
				CLANG_WARN_QUOTED_INCLUDE_IN_FRAMEWORK_HEADER = YES;
				CLANG_WARN_RANGE_LOOP_ANALYSIS = YES;
				CLANG_WARN_STRICT_PROTOTYPES = YES;
				CLANG_WARN_SUSPICIOUS_MOVE = YES;
				CLANG_WARN_UNGUARDED_AVAILABILITY = YES_AGGRESSIVE;
				CLANG_WARN_UNREACHABLE_CODE = YES;
				CLANG_WARN__DUPLICATE_METHOD_MATCH = YES;
				COPY_PHASE_STRIP = NO;
				DEBUG_INFORMATION_FORMAT = "dwarf-with-dsym";
				ENABLE_NS_ASSERTIONS = NO;
				ENABLE_STRICT_OBJC_MSGSEND = YES;
				GCC_C_LANGUAGE_STANDARD = gnu11;
				GCC_NO_COMMON_BLOCKS = YES;
				GCC_WARN_64_TO_32_BIT_CONVERSION = YES;
				GCC_WARN_ABOUT_RETURN_TYPE = YES_ERROR;
				GCC_WARN_UNDECLARED_SELECTOR = YES;
				GCC_WARN_UNINITIALIZED_AUTOS = YES_AGGRESSIVE;
				GCC_WARN_UNUSED_FUNCTION = YES;
				GCC_WARN_UNUSED_VARIABLE = YES;
				IPHONEOS_DEPLOYMENT_TARGET = 15.5;
				MTL_ENABLE_DEBUG_INFO = NO;
				MTL_FAST_MATH = YES;
				SDKROOT = iphoneos;
				SWIFT_COMPILATION_MODE = wholemodule;
				SWIFT_OPTIMIZATION_LEVEL = "-O";
				VALIDATE_PRODUCT = YES;
			};
			name = Release;
		};
		11B1704F286ED2F400552477 /* Debug */ = {
			isa = XCBuildConfiguration;
			buildSettings = {
				ASSETCATALOG_COMPILER_APPICON_NAME = AppIcon;
				ASSETCATALOG_COMPILER_GLOBAL_ACCENT_COLOR_NAME = AccentColor;
				CODE_SIGN_STYLE = Automatic;
				CURRENT_PROJECT_VERSION = 1;
				DEVELOPMENT_TEAM = 4DN3REULM3;
				GENERATE_INFOPLIST_FILE = YES;
				INFOPLIST_FILE = WordGame/Info.plist;
				INFOPLIST_KEY_UIApplicationSupportsIndirectInputEvents = YES;
				INFOPLIST_KEY_UILaunchStoryboardName = LaunchScreen;
				INFOPLIST_KEY_UISupportedInterfaceOrientations_iPad = "UIInterfaceOrientationPortrait UIInterfaceOrientationPortraitUpsideDown UIInterfaceOrientationLandscapeLeft UIInterfaceOrientationLandscapeRight";
				INFOPLIST_KEY_UISupportedInterfaceOrientations_iPhone = "UIInterfaceOrientationPortrait UIInterfaceOrientationLandscapeLeft UIInterfaceOrientationLandscapeRight";
				LD_RUNPATH_SEARCH_PATHS = (
					"$(inherited)",
					"@executable_path/Frameworks",
				);
				MARKETING_VERSION = 1.0;
				PRODUCT_BUNDLE_IDENTIFIER = com.notron.weatherApp.WordGame;
				PRODUCT_NAME = "$(TARGET_NAME)";
				SWIFT_EMIT_LOC_STRINGS = YES;
				SWIFT_VERSION = 5.0;
				TARGETED_DEVICE_FAMILY = "1,2";
			};
			name = Debug;
		};
		11B17050286ED2F400552477 /* Release */ = {
			isa = XCBuildConfiguration;
			buildSettings = {
				ASSETCATALOG_COMPILER_APPICON_NAME = AppIcon;
				ASSETCATALOG_COMPILER_GLOBAL_ACCENT_COLOR_NAME = AccentColor;
				CODE_SIGN_STYLE = Automatic;
				CURRENT_PROJECT_VERSION = 1;
				DEVELOPMENT_TEAM = 4DN3REULM3;
				GENERATE_INFOPLIST_FILE = YES;
				INFOPLIST_FILE = WordGame/Info.plist;
				INFOPLIST_KEY_UIApplicationSupportsIndirectInputEvents = YES;
				INFOPLIST_KEY_UILaunchStoryboardName = LaunchScreen;
				INFOPLIST_KEY_UISupportedInterfaceOrientations_iPad = "UIInterfaceOrientationPortrait UIInterfaceOrientationPortraitUpsideDown UIInterfaceOrientationLandscapeLeft UIInterfaceOrientationLandscapeRight";
				INFOPLIST_KEY_UISupportedInterfaceOrientations_iPhone = "UIInterfaceOrientationPortrait UIInterfaceOrientationLandscapeLeft UIInterfaceOrientationLandscapeRight";
				LD_RUNPATH_SEARCH_PATHS = (
					"$(inherited)",
					"@executable_path/Frameworks",
				);
				MARKETING_VERSION = 1.0;
				PRODUCT_BUNDLE_IDENTIFIER = com.notron.weatherApp.WordGame;
				PRODUCT_NAME = "$(TARGET_NAME)";
				SWIFT_EMIT_LOC_STRINGS = YES;
				SWIFT_VERSION = 5.0;
				TARGETED_DEVICE_FAMILY = "1,2";
			};
			name = Release;
		};
/* End XCBuildConfiguration section */

/* Begin XCConfigurationList section */
		11B17035286ED2EF00552477 /* Build configuration list for PBXProject "WordGame" */ = {
			isa = XCConfigurationList;
			buildConfigurations = (
				11B1704C286ED2F400552477 /* Debug */,
				11B1704D286ED2F400552477 /* Release */,
			);
			defaultConfigurationIsVisible = 0;
			defaultConfigurationName = Release;
		};
		11B1704E286ED2F400552477 /* Build configuration list for PBXNativeTarget "WordGame" */ = {
			isa = XCConfigurationList;
			buildConfigurations = (
				11B1704F286ED2F400552477 /* Debug */,
				11B17050286ED2F400552477 /* Release */,
			);
			defaultConfigurationIsVisible = 0;
			defaultConfigurationName = Release;
		};
/* End XCConfigurationList section */
	};
	rootObject = 11B17032286ED2EF00552477 /* Project object */;
}
